
Microsoft Visual Studio Solution File, Format Version 12.00
# Visual Studio Version 17
VisualStudioVersion = 17.0.31903.59
MinimumVisualStudioVersion = 10.0.40219.1
Project("{2150E333-8FDC-42A3-9474-1A3956D46DE8}") = "src", "src", "{827E0CD3-B72D-47B6-A68D-7590B98EB39B}"
EndProject
Project("{FAE04EC0-301F-11D3-BF4B-00C04F79EFBC}") = "Razorpier.Core", "src\Razorpier.Core\Razorpier.Core.csproj", "{E5B6BAFC-AD2D-49BA-A583-0A4269399CCD}"
EndProject
Project("{FAE04EC0-301F-11D3-BF4B-00C04F79EFBC}") = "Razorpier.Tool", "src\Razorpier.Tool\Razorpier.Tool.csproj", "{F4C87932-BF01-455D-87DF-0C5905F50F53}"
EndProject
Project("{2150E333-8FDC-42A3-9474-1A3956D46DE8}") = "tests", "tests", "{0AB3BF05-4346-4AA6-1389-037BE0695223}"
EndProject
Project("{FAE04EC0-301F-11D3-BF4B-00C04F79EFBC}") = "Razorpier.Tests", "tests\Razorpier.Tests\Razorpier.Tests.csproj", "{29317733-C8D5-4770-A4FC-BCED64785AB8}"
EndProject
Project("{FAE04EC0-301F-11D3-BF4B-00C04F79EFBC}") = "Razorpier.MSBuild", "src\Razorpier.MSBuild\Razorpier.MSBuild.csproj", "{94E063B8-3870-43BE-BCD6-7C7FC55768A0}"
EndProject
Project("{FAE04EC0-301F-11D3-BF4B-00C04F79EFBC}") = "Razorpier.VisualStudio", "src\Razorpier.VisualStudio\Razorpier.VisualStudio.csproj", "{8543C6C2-2F12-48E8-865F-FFDF0D2512F3}"
EndProject
Global
	GlobalSection(SolutionConfigurationPlatforms) = preSolution
		Debug|Any CPU = Debug|Any CPU
		Debug|x64 = Debug|x64
		Debug|x86 = Debug|x86
		Release|Any CPU = Release|Any CPU
		Release|x64 = Release|x64
		Release|x86 = Release|x86
	EndGlobalSection
	GlobalSection(ProjectConfigurationPlatforms) = postSolution
		{E5B6BAFC-AD2D-49BA-A583-0A4269399CCD}.Debug|Any CPU.ActiveCfg = Debug|Any CPU
		{E5B6BAFC-AD2D-49BA-A583-0A4269399CCD}.Debug|Any CPU.Build.0 = Debug|Any CPU
		{E5B6BAFC-AD2D-49BA-A583-0A4269399CCD}.Debug|x64.ActiveCfg = Debug|Any CPU
		{E5B6BAFC-AD2D-49BA-A583-0A4269399CCD}.Debug|x64.Build.0 = Debug|Any CPU
		{E5B6BAFC-AD2D-49BA-A583-0A4269399CCD}.Debug|x86.ActiveCfg = Debug|Any CPU
		{E5B6BAFC-AD2D-49BA-A583-0A4269399CCD}.Debug|x86.Build.0 = Debug|Any CPU
		{E5B6BAFC-AD2D-49BA-A583-0A4269399CCD}.Release|Any CPU.ActiveCfg = Release|Any CPU
		{E5B6BAFC-AD2D-49BA-A583-0A4269399CCD}.Release|Any CPU.Build.0 = Release|Any CPU
		{E5B6BAFC-AD2D-49BA-A583-0A4269399CCD}.Release|x64.ActiveCfg = Release|Any CPU
		{E5B6BAFC-AD2D-49BA-A583-0A4269399CCD}.Release|x64.Build.0 = Release|Any CPU
		{E5B6BAFC-AD2D-49BA-A583-0A4269399CCD}.Release|x86.ActiveCfg = Release|Any CPU
		{E5B6BAFC-AD2D-49BA-A583-0A4269399CCD}.Release|x86.Build.0 = Release|Any CPU
		{F4C87932-BF01-455D-87DF-0C5905F50F53}.Debug|Any CPU.ActiveCfg = Debug|Any CPU
		{F4C87932-BF01-455D-87DF-0C5905F50F53}.Debug|Any CPU.Build.0 = Debug|Any CPU
		{F4C87932-BF01-455D-87DF-0C5905F50F53}.Debug|x64.ActiveCfg = Debug|Any CPU
		{F4C87932-BF01-455D-87DF-0C5905F50F53}.Debug|x64.Build.0 = Debug|Any CPU
		{F4C87932-BF01-455D-87DF-0C5905F50F53}.Debug|x86.ActiveCfg = Debug|Any CPU
		{F4C87932-BF01-455D-87DF-0C5905F50F53}.Debug|x86.Build.0 = Debug|Any CPU
		{F4C87932-BF01-455D-87DF-0C5905F50F53}.Release|Any CPU.ActiveCfg = Release|Any CPU
		{F4C87932-BF01-455D-87DF-0C5905F50F53}.Release|Any CPU.Build.0 = Release|Any CPU
		{F4C87932-BF01-455D-87DF-0C5905F50F53}.Release|x64.ActiveCfg = Release|Any CPU
		{F4C87932-BF01-455D-87DF-0C5905F50F53}.Release|x64.Build.0 = Release|Any CPU
		{F4C87932-BF01-455D-87DF-0C5905F50F53}.Release|x86.ActiveCfg = Release|Any CPU
		{F4C87932-BF01-455D-87DF-0C5905F50F53}.Release|x86.Build.0 = Release|Any CPU
		{29317733-C8D5-4770-A4FC-BCED64785AB8}.Debug|Any CPU.ActiveCfg = Debug|Any CPU
		{29317733-C8D5-4770-A4FC-BCED64785AB8}.Debug|Any CPU.Build.0 = Debug|Any CPU
		{29317733-C8D5-4770-A4FC-BCED64785AB8}.Debug|x64.ActiveCfg = Debug|Any CPU
		{29317733-C8D5-4770-A4FC-BCED64785AB8}.Debug|x64.Build.0 = Debug|Any CPU
		{29317733-C8D5-4770-A4FC-BCED64785AB8}.Debug|x86.ActiveCfg = Debug|Any CPU
		{29317733-C8D5-4770-A4FC-BCED64785AB8}.Debug|x86.Build.0 = Debug|Any CPU
		{29317733-C8D5-4770-A4FC-BCED64785AB8}.Release|Any CPU.ActiveCfg = Release|Any CPU
		{29317733-C8D5-4770-A4FC-BCED64785AB8}.Release|Any CPU.Build.0 = Release|Any CPU
		{29317733-C8D5-4770-A4FC-BCED64785AB8}.Release|x64.ActiveCfg = Release|Any CPU
		{29317733-C8D5-4770-A4FC-BCED64785AB8}.Release|x64.Build.0 = Release|Any CPU
		{29317733-C8D5-4770-A4FC-BCED64785AB8}.Release|x86.ActiveCfg = Release|Any CPU
		{29317733-C8D5-4770-A4FC-BCED64785AB8}.Release|x86.Build.0 = Release|Any CPU
		{94E063B8-3870-43BE-BCD6-7C7FC55768A0}.Debug|Any CPU.ActiveCfg = Debug|Any CPU
		{94E063B8-3870-43BE-BCD6-7C7FC55768A0}.Debug|Any CPU.Build.0 = Debug|Any CPU
		{94E063B8-3870-43BE-BCD6-7C7FC55768A0}.Debug|x64.ActiveCfg = Debug|Any CPU
		{94E063B8-3870-43BE-BCD6-7C7FC55768A0}.Debug|x64.Build.0 = Debug|Any CPU
		{94E063B8-3870-43BE-BCD6-7C7FC55768A0}.Debug|x86.ActiveCfg = Debug|Any CPU
		{94E063B8-3870-43BE-BCD6-7C7FC55768A0}.Debug|x86.Build.0 = Debug|Any CPU
		{94E063B8-3870-43BE-BCD6-7C7FC55768A0}.Release|Any CPU.ActiveCfg = Release|Any CPU
		{94E063B8-3870-43BE-BCD6-7C7FC55768A0}.Release|Any CPU.Build.0 = Release|Any CPU
		{94E063B8-3870-43BE-BCD6-7C7FC55768A0}.Release|x64.ActiveCfg = Release|Any CPU
		{94E063B8-3870-43BE-BCD6-7C7FC55768A0}.Release|x64.Build.0 = Release|Any CPU
		{94E063B8-3870-43BE-BCD6-7C7FC55768A0}.Release|x86.ActiveCfg = Release|Any CPU
		{94E063B8-3870-43BE-BCD6-7C7FC55768A0}.Release|x86.Build.0 = Release|Any CPU
		{8543C6C2-2F12-48E8-865F-FFDF0D2512F3}.Debug|Any CPU.ActiveCfg = Debug|Any CPU
		{8543C6C2-2F12-48E8-865F-FFDF0D2512F3}.Debug|Any CPU.Build.0 = Debug|Any CPU
		{8543C6C2-2F12-48E8-865F-FFDF0D2512F3}.Debug|x64.ActiveCfg = Debug|Any CPU
		{8543C6C2-2F12-48E8-865F-FFDF0D2512F3}.Debug|x64.Build.0 = Debug|Any CPU
		{8543C6C2-2F12-48E8-865F-FFDF0D2512F3}.Debug|x86.ActiveCfg = Debug|Any CPU
		{8543C6C2-2F12-48E8-865F-FFDF0D2512F3}.Debug|x86.Build.0 = Debug|Any CPU
		{8543C6C2-2F12-48E8-865F-FFDF0D2512F3}.Release|Any CPU.ActiveCfg = Release|Any CPU
		{8543C6C2-2F12-48E8-865F-FFDF0D2512F3}.Release|Any CPU.Build.0 = Release|Any CPU
		{8543C6C2-2F12-48E8-865F-FFDF0D2512F3}.Release|x64.ActiveCfg = Release|Any CPU
		{8543C6C2-2F12-48E8-865F-FFDF0D2512F3}.Release|x64.Build.0 = Release|Any CPU
		{8543C6C2-2F12-48E8-865F-FFDF0D2512F3}.Release|x86.ActiveCfg = Release|Any CPU
		{8543C6C2-2F12-48E8-865F-FFDF0D2512F3}.Release|x86.Build.0 = Release|Any CPU
	EndGlobalSection
	GlobalSection(SolutionProperties) = preSolution
		HideSolutionNode = FALSE
	EndGlobalSection
	GlobalSection(NestedProjects) = preSolution
		{E5B6BAFC-AD2D-49BA-A583-0A4269399CCD} = {827E0CD3-B72D-47B6-A68D-7590B98EB39B}
		{F4C87932-BF01-455D-87DF-0C5905F50F53} = {827E0CD3-B72D-47B6-A68D-7590B98EB39B}
		{29317733-C8D5-4770-A4FC-BCED64785AB8} = {0AB3BF05-4346-4AA6-1389-037BE0695223}
		{94E063B8-3870-43BE-BCD6-7C7FC55768A0} = {827E0CD3-B72D-47B6-A68D-7590B98EB39B}
		{8543C6C2-2F12-48E8-865F-FFDF0D2512F3} = {827E0CD3-B72D-47B6-A68D-7590B98EB39B}
	EndGlobalSection
EndGlobal
